// !$*UTF8*$!
{
	archiveVersion = 1;
	classes = {
	};
	objectVersion = 56;
	objects = {

/* Begin PBXBuildFile section */
		E98A15152A59A2AD00D1B5C8 /* NavigationStacksPracticeApp.swift in Sources */ = {isa = PBXBuildFile; fileRef = E98A15142A59A2AD00D1B5C8 /* NavigationStacksPracticeApp.swift */; };
		E98A15172A59A2AD00D1B5C8 /* ContentView.swift in Sources */ = {isa = PBXBuildFile; fileRef = E98A15162A59A2AD00D1B5C8 /* ContentView.swift */; };
		E98A15192A59A2B000D1B5C8 /* Assets.xcassets in Resources */ = {isa = PBXBuildFile; fileRef = E98A15182A59A2B000D1B5C8 /* Assets.xcassets */; };
		E98A151C2A59A2B000D1B5C8 /* Preview Assets.xcassets in Resources */ = {isa = PBXBuildFile; fileRef = E98A151B2A59A2B000D1B5C8 /* Preview Assets.xcassets */; };
		E98A15262A59A2B100D1B5C8 /* NavigationStacksPracticeTests.swift in Sources */ = {isa = PBXBuildFile; fileRef = E98A15252A59A2B100D1B5C8 /* NavigationStacksPracticeTests.swift */; };
		E98A15302A59A2B100D1B5C8 /* NavigationStacksPracticeUITests.swift in Sources */ = {isa = PBXBuildFile; fileRef = E98A152F2A59A2B100D1B5C8 /* NavigationStacksPracticeUITests.swift */; };
		E98A15322A59A2B100D1B5C8 /* NavigationStacksPracticeUITestsLaunchTests.swift in Sources */ = {isa = PBXBuildFile; fileRef = E98A15312A59A2B100D1B5C8 /* NavigationStacksPracticeUITestsLaunchTests.swift */; };
		E98A15412A59A2F600D1B5C8 /* ModelData.swift in Sources */ = {isa = PBXBuildFile; fileRef = E98A15402A59A2F600D1B5C8 /* ModelData.swift */; };
		E98A15432A59A31600D1B5C8 /* CategoryDetail.swift in Sources */ = {isa = PBXBuildFile; fileRef = E98A15422A59A31600D1B5C8 /* CategoryDetail.swift */; };
		E98A15452A59A45800D1B5C8 /* CompanyDetail.swift in Sources */ = {isa = PBXBuildFile; fileRef = E98A15442A59A45700D1B5C8 /* CompanyDetail.swift */; };
/* End PBXBuildFile section */

/* Begin PBXContainerItemProxy section */
		E98A15222A59A2B100D1B5C8 /* PBXContainerItemProxy */ = {
			isa = PBXContainerItemProxy;
			containerPortal = E98A15092A59A2AD00D1B5C8 /* Project object */;
			proxyType = 1;
			remoteGlobalIDString = E98A15102A59A2AD00D1B5C8;
			remoteInfo = NavigationStacksPractice;
		};
		E98A152C2A59A2B100D1B5C8 /* PBXContainerItemProxy */ = {
			isa = PBXContainerItemProxy;
			containerPortal = E98A15092A59A2AD00D1B5C8 /* Project object */;
			proxyType = 1;
			remoteGlobalIDString = E98A15102A59A2AD00D1B5C8;
			remoteInfo = NavigationStacksPractice;
		};
/* End PBXContainerItemProxy section */

/* Begin PBXFileReference section */
		E98A15112A59A2AD00D1B5C8 /* NavigationStacksPractice.app */ = {isa = PBXFileReference; explicitFileType = wrapper.application; includeInIndex = 0; path = NavigationStacksPractice.app; sourceTree = BUILT_PRODUCTS_DIR; };
		E98A15142A59A2AD00D1B5C8 /* NavigationStacksPracticeApp.swift */ = {isa = PBXFileReference; lastKnownFileType = sourcecode.swift; path = NavigationStacksPracticeApp.swift; sourceTree = "<group>"; };
		E98A15162A59A2AD00D1B5C8 /* ContentView.swift */ = {isa = PBXFileReference; lastKnownFileType = sourcecode.swift; path = ContentView.swift; sourceTree = "<group>"; };
		E98A15182A59A2B000D1B5C8 /* Assets.xcassets */ = {isa = PBXFileReference; lastKnownFileType = folder.assetcatalog; path = Assets.xcassets; sourceTree = "<group>"; };
		E98A151B2A59A2B000D1B5C8 /* Preview Assets.xcassets */ = {isa = PBXFileReference; lastKnownFileType = folder.assetcatalog; path = "Preview Assets.xcassets"; sourceTree = "<group>"; };
		E98A15212A59A2B100D1B5C8 /* NavigationStacksPracticeTests.xctest */ = {isa = PBXFileReference; explicitFileType = wrapper.cfbundle; includeInIndex = 0; path = NavigationStacksPracticeTests.xctest; sourceTree = BUILT_PRODUCTS_DIR; };
		E98A15252A59A2B100D1B5C8 /* NavigationStacksPracticeTests.swift */ = {isa = PBXFileReference; lastKnownFileType = sourcecode.swift; path = NavigationStacksPracticeTests.swift; sourceTree = "<group>"; };
		E98A152B2A59A2B100D1B5C8 /* NavigationStacksPracticeUITests.xctest */ = {isa = PBXFileReference; explicitFileType = wrapper.cfbundle; includeInIndex = 0; path = NavigationStacksPracticeUITests.xctest; sourceTree = BUILT_PRODUCTS_DIR; };
		E98A152F2A59A2B100D1B5C8 /* NavigationStacksPracticeUITests.swift */ = {isa = PBXFileReference; lastKnownFileType = sourcecode.swift; path = NavigationStacksPracticeUITests.swift; sourceTree = "<group>"; };
		E98A15312A59A2B100D1B5C8 /* NavigationStacksPracticeUITestsLaunchTests.swift */ = {isa = PBXFileReference; lastKnownFileType = sourcecode.swift; path = NavigationStacksPracticeUITestsLaunchTests.swift; sourceTree = "<group>"; };
		E98A15402A59A2F600D1B5C8 /* ModelData.swift */ = {isa = PBXFileReference; lastKnownFileType = sourcecode.swift; path = ModelData.swift; sourceTree = "<group>"; };
		E98A15422A59A31600D1B5C8 /* CategoryDetail.swift */ = {isa = PBXFileReference; fileEncoding = 4; lastKnownFileType = sourcecode.swift; path = CategoryDetail.swift; sourceTree = "<group>"; };
		E98A15442A59A45700D1B5C8 /* CompanyDetail.swift */ = {isa = PBXFileReference; fileEncoding = 4; lastKnownFileType = sourcecode.swift; path = CompanyDetail.swift; sourceTree = "<group>"; };
/* End PBXFileReference section */

/* Begin PBXFrameworksBuildPhase section */
		E98A150E2A59A2AD00D1B5C8 /* Frameworks */ = {
			isa = PBXFrameworksBuildPhase;
			buildActionMask = 2147483647;
			files = (
			);
			runOnlyForDeploymentPostprocessing = 0;
		};
		E98A151E2A59A2B100D1B5C8 /* Frameworks */ = {
			isa = PBXFrameworksBuildPhase;
			buildActionMask = 2147483647;
			files = (
			);
			runOnlyForDeploymentPostprocessing = 0;
		};
		E98A15282A59A2B100D1B5C8 /* Frameworks */ = {
			isa = PBXFrameworksBuildPhase;
			buildActionMask = 2147483647;
			files = (
			);
			runOnlyForDeploymentPostprocessing = 0;
		};
/* End PBXFrameworksBuildPhase section */

/* Begin PBXGroup section */
		E98A15082A59A2AD00D1B5C8 = {
			isa = PBXGroup;
			children = (
				E98A15132A59A2AD00D1B5C8 /* NavigationStacksPractice */,
				E98A15242A59A2B100D1B5C8 /* NavigationStacksPracticeTests */,
				E98A152E2A59A2B100D1B5C8 /* NavigationStacksPracticeUITests */,
				E98A15122A59A2AD00D1B5C8 /* Products */,
			);
			sourceTree = "<group>";
		};
		E98A15122A59A2AD00D1B5C8 /* Products */ = {
			isa = PBXGroup;
			children = (
				E98A15112A59A2AD00D1B5C8 /* NavigationStacksPractice.app */,
				E98A15212A59A2B100D1B5C8 /* NavigationStacksPracticeTests.xctest */,
				E98A152B2A59A2B100D1B5C8 /* NavigationStacksPracticeUITests.xctest */,
			);
			name = Products;
			sourceTree = "<group>";
		};
		E98A15132A59A2AD00D1B5C8 /* NavigationStacksPractice */ = {
			isa = PBXGroup;
			children = (
				E98A153F2A59A2CE00D1B5C8 /* Views */,
				E98A153E2A59A2BE00D1B5C8 /* ModelData */,
				E98A15142A59A2AD00D1B5C8 /* NavigationStacksPracticeApp.swift */,
				E98A15182A59A2B000D1B5C8 /* Assets.xcassets */,
				E98A151A2A59A2B000D1B5C8 /* Preview Content */,
			);
			path = NavigationStacksPractice;
			sourceTree = "<group>";
		};
		E98A151A2A59A2B000D1B5C8 /* Preview Content */ = {
			isa = PBXGroup;
			children = (
				E98A151B2A59A2B000D1B5C8 /* Preview Assets.xcassets */,
			);
			path = "Preview Content";
			sourceTree = "<group>";
		};
		E98A15242A59A2B100D1B5C8 /* NavigationStacksPracticeTests */ = {
			isa = PBXGroup;
			children = (
				E98A15252A59A2B100D1B5C8 /* NavigationStacksPracticeTests.swift */,
			);
			path = NavigationStacksPracticeTests;
			sourceTree = "<group>";
		};
		E98A152E2A59A2B100D1B5C8 /* NavigationStacksPracticeUITests */ = {
			isa = PBXGroup;
			children = (
				E98A152F2A59A2B100D1B5C8 /* NavigationStacksPracticeUITests.swift */,
				E98A15312A59A2B100D1B5C8 /* NavigationStacksPracticeUITestsLaunchTests.swift */,
			);
			path = NavigationStacksPracticeUITests;
			sourceTree = "<group>";
		};
		E98A153E2A59A2BE00D1B5C8 /* ModelData */ = {
			isa = PBXGroup;
			children = (
				E98A15402A59A2F600D1B5C8 /* ModelData.swift */,
			);
			path = ModelData;
			sourceTree = "<group>";
		};
		E98A153F2A59A2CE00D1B5C8 /* Views */ = {
			isa = PBXGroup;
			children = (
				E98A15422A59A31600D1B5C8 /* CategoryDetail.swift */,
				E98A15442A59A45700D1B5C8 /* CompanyDetail.swift */,
				E98A15162A59A2AD00D1B5C8 /* ContentView.swift */,
			);
			path = Views;
			sourceTree = "<group>";
		};
/* End PBXGroup section */

/* Begin PBXNativeTarget section */
		E98A15102A59A2AD00D1B5C8 /* NavigationStacksPractice */ = {
			isa = PBXNativeTarget;
			buildConfigurationList = E98A15352A59A2B100D1B5C8 /* Build configuration list for PBXNativeTarget "NavigationStacksPractice" */;
			buildPhases = (
				E98A150D2A59A2AD00D1B5C8 /* Sources */,
				E98A150E2A59A2AD00D1B5C8 /* Frameworks */,
				E98A150F2A59A2AD00D1B5C8 /* Resources */,
			);
			buildRules = (
			);
			dependencies = (
			);
			name = NavigationStacksPractice;
			productName = NavigationStacksPractice;
			productReference = E98A15112A59A2AD00D1B5C8 /* NavigationStacksPractice.app */;
			productType = "com.apple.product-type.application";
		};
		E98A15202A59A2B100D1B5C8 /* NavigationStacksPracticeTests */ = {
			isa = PBXNativeTarget;
			buildConfigurationList = E98A15382A59A2B100D1B5C8 /* Build configuration list for PBXNativeTarget "NavigationStacksPracticeTests" */;
			buildPhases = (
				E98A151D2A59A2B100D1B5C8 /* Sources */,
				E98A151E2A59A2B100D1B5C8 /* Frameworks */,
				E98A151F2A59A2B100D1B5C8 /* Resources */,
			);
			buildRules = (
			);
			dependencies = (
				E98A15232A59A2B100D1B5C8 /* PBXTargetDependency */,
			);
			name = NavigationStacksPracticeTests;
			productName = NavigationStacksPracticeTests;
			productReference = E98A15212A59A2B100D1B5C8 /* NavigationStacksPracticeTests.xctest */;
			productType = "com.apple.product-type.bundle.unit-test";
		};
		E98A152A2A59A2B100D1B5C8 /* NavigationStacksPracticeUITests */ = {
			isa = PBXNativeTarget;
			buildConfigurationList = E98A153B2A59A2B100D1B5C8 /* Build configuration list for PBXNativeTarget "NavigationStacksPracticeUITests" */;
			buildPhases = (
				E98A15272A59A2B100D1B5C8 /* Sources */,
				E98A15282A59A2B100D1B5C8 /* Frameworks */,
				E98A15292A59A2B100D1B5C8 /* Resources */,
			);
			buildRules = (
			);
			dependencies = (
				E98A152D2A59A2B100D1B5C8 /* PBXTargetDependency */,
			);
			name = NavigationStacksPracticeUITests;
			productName = NavigationStacksPracticeUITests;
			productReference = E98A152B2A59A2B100D1B5C8 /* NavigationStacksPracticeUITests.xctest */;
			productType = "com.apple.product-type.bundle.ui-testing";
		};
/* End PBXNativeTarget section */

/* Begin PBXProject section */
		E98A15092A59A2AD00D1B5C8 /* Project object */ = {
			isa = PBXProject;
			attributes = {
				BuildIndependentTargetsInParallel = 1;
				LastSwiftUpdateCheck = 1420;
				LastUpgradeCheck = 1420;
				TargetAttributes = {
					E98A15102A59A2AD00D1B5C8 = {
						CreatedOnToolsVersion = 14.2;
					};
					E98A15202A59A2B100D1B5C8 = {
						CreatedOnToolsVersion = 14.2;
						TestTargetID = E98A15102A59A2AD00D1B5C8;
					};
					E98A152A2A59A2B100D1B5C8 = {
						CreatedOnToolsVersion = 14.2;
						TestTargetID = E98A15102A59A2AD00D1B5C8;
					};
				};
			};
			buildConfigurationList = E98A150C2A59A2AD00D1B5C8 /* Build configuration list for PBXProject "NavigationStacksPractice" */;
			compatibilityVersion = "Xcode 14.0";
			developmentRegion = en;
			hasScannedForEncodings = 0;
			knownRegions = (
				en,
				Base,
			);
			mainGroup = E98A15082A59A2AD00D1B5C8;
			productRefGroup = E98A15122A59A2AD00D1B5C8 /* Products */;
			projectDirPath = "";
			projectRoot = "";
			targets = (
				E98A15102A59A2AD00D1B5C8 /* NavigationStacksPractice */,
				E98A15202A59A2B100D1B5C8 /* NavigationStacksPracticeTests */,
				E98A152A2A59A2B100D1B5C8 /* NavigationStacksPracticeUITests */,
			);
		};
/* End PBXProject section */

/* Begin PBXResourcesBuildPhase section */
		E98A150F2A59A2AD00D1B5C8 /* Resources */ = {
			isa = PBXResourcesBuildPhase;
			buildActionMask = 2147483647;
			files = (
				E98A151C2A59A2B000D1B5C8 /* Preview Assets.xcassets in Resources */,
				E98A15192A59A2B000D1B5C8 /* Assets.xcassets in Resources */,
			);
			runOnlyForDeploymentPostprocessing = 0;
		};
		E98A151F2A59A2B100D1B5C8 /* Resources */ = {
			isa = PBXResourcesBuildPhase;
			buildActionMask = 2147483647;
			files = (
			);
			runOnlyForDeploymentPostprocessing = 0;
		};
		E98A15292A59A2B100D1B5C8 /* Resources */ = {
			isa = PBXResourcesBuildPhase;
			buildActionMask = 2147483647;
			files = (
			);
			runOnlyForDeploymentPostprocessing = 0;
		};
/* End PBXResourcesBuildPhase section */

/* Begin PBXSourcesBuildPhase section */
		E98A150D2A59A2AD00D1B5C8 /* Sources */ = {
			isa = PBXSourcesBuildPhase;
			buildActionMask = 2147483647;
			files = (
				E98A15432A59A31600D1B5C8 /* CategoryDetail.swift in Sources */,
				E98A15172A59A2AD00D1B5C8 /* ContentView.swift in Sources */,
				E98A15152A59A2AD00D1B5C8 /* NavigationStacksPracticeApp.swift in Sources */,
				E98A15452A59A45800D1B5C8 /* CompanyDetail.swift in Sources */,
				E98A15412A59A2F600D1B5C8 /* ModelData.swift in Sources */,
			);
			runOnlyForDeploymentPostprocessing = 0;
		};
		E98A151D2A59A2B100D1B5C8 /* Sources */ = {
			isa = PBXSourcesBuildPhase;
			buildActionMask = 2147483647;
			files = (
				E98A15262A59A2B100D1B5C8 /* NavigationStacksPracticeTests.swift in Sources */,
			);
			runOnlyForDeploymentPostprocessing = 0;
		};
		E98A15272A59A2B100D1B5C8 /* Sources */ = {
			isa = PBXSourcesBuildPhase;
			buildActionMask = 2147483647;
			files = (
				E98A15322A59A2B100D1B5C8 /* NavigationStacksPracticeUITestsLaunchTests.swift in Sources */,
				E98A15302A59A2B100D1B5C8 /* NavigationStacksPracticeUITests.swift in Sources */,
			);
			runOnlyForDeploymentPostprocessing = 0;
		};
/* End PBXSourcesBuildPhase section */

/* Begin PBXTargetDependency section */
		E98A15232A59A2B100D1B5C8 /* PBXTargetDependency */ = {
			isa = PBXTargetDependency;
			target = E98A15102A59A2AD00D1B5C8 /* NavigationStacksPractice */;
			targetProxy = E98A15222A59A2B100D1B5C8 /* PBXContainerItemProxy */;
		};
		E98A152D2A59A2B100D1B5C8 /* PBXTargetDependency */ = {
			isa = PBXTargetDependency;
			target = E98A15102A59A2AD00D1B5C8 /* NavigationStacksPractice */;
			targetProxy = E98A152C2A59A2B100D1B5C8 /* PBXContainerItemProxy */;
		};
/* End PBXTargetDependency section */

/* Begin XCBuildConfiguration section */
		E98A15332A59A2B100D1B5C8 /* Debug */ = {
			isa = XCBuildConfiguration;
			buildSettings = {
				ALWAYS_SEARCH_USER_PATHS = NO;
				CLANG_ANALYZER_NONNULL = YES;
				CLANG_ANALYZER_NUMBER_OBJECT_CONVERSION = YES_AGGRESSIVE;
				CLANG_CXX_LANGUAGE_STANDARD = "gnu++20";
				CLANG_ENABLE_MODULES = YES;
				CLANG_ENABLE_OBJC_ARC = YES;
				CLANG_ENABLE_OBJC_WEAK = YES;
				CLANG_WARN_BLOCK_CAPTURE_AUTORELEASING = YES;
				CLANG_WARN_BOOL_CONVERSION = YES;
				CLANG_WARN_COMMA = YES;
				CLANG_WARN_CONSTANT_CONVERSION = YES;
				CLANG_WARN_DEPRECATED_OBJC_IMPLEMENTATIONS = YES;
				CLANG_WARN_DIRECT_OBJC_ISA_USAGE = YES_ERROR;
				CLANG_WARN_DOCUMENTATION_COMMENTS = YES;
				CLANG_WARN_EMPTY_BODY = YES;
				CLANG_WARN_ENUM_CONVERSION = YES;
				CLANG_WARN_INFINITE_RECURSION = YES;
				CLANG_WARN_INT_CONVERSION = YES;
				CLANG_WARN_NON_LITERAL_NULL_CONVERSION = YES;
				CLANG_WARN_OBJC_IMPLICIT_RETAIN_SELF = YES;
				CLANG_WARN_OBJC_LITERAL_CONVERSION = YES;
				CLANG_WARN_OBJC_ROOT_CLASS = YES_ERROR;
				CLANG_WARN_QUOTED_INCLUDE_IN_FRAMEWORK_HEADER = YES;
				CLANG_WARN_RANGE_LOOP_ANALYSIS = YES;
				CLANG_WARN_STRICT_PROTOTYPES = YES;
				CLANG_WARN_SUSPICIOUS_MOVE = YES;
				CLANG_WARN_UNGUARDED_AVAILABILITY = YES_AGGRESSIVE;
				CLANG_WARN_UNREACHABLE_CODE = YES;
				CLANG_WARN__DUPLICATE_METHOD_MATCH = YES;
				COPY_PHASE_STRIP = NO;
				DEBUG_INFORMATION_FORMAT = dwarf;
				ENABLE_STRICT_OBJC_MSGSEND = YES;
				ENABLE_TESTABILITY = YES;
				GCC_C_LANGUAGE_STANDARD = gnu11;
				GCC_DYNAMIC_NO_PIC = NO;
				GCC_NO_COMMON_BLOCKS = YES;
				GCC_OPTIMIZATION_LEVEL = 0;
				GCC_PREPROCESSOR_DEFINITIONS = (
					"DEBUG=1",
					"$(inherited)",
				);
				GCC_WARN_64_TO_32_BIT_CONVERSION = YES;
				GCC_WARN_ABOUT_RETURN_TYPE = YES_ERROR;
				GCC_WARN_UNDECLARED_SELECTOR = YES;
				GCC_WARN_UNINITIALIZED_AUTOS = YES_AGGRESSIVE;
				GCC_WARN_UNUSED_FUNCTION = YES;
				GCC_WARN_UNUSED_VARIABLE = YES;
				IPHONEOS_DEPLOYMENT_TARGET = 16.2;
				MTL_ENABLE_DEBUG_INFO = INCLUDE_SOURCE;
				MTL_FAST_MATH = YES;
				ONLY_ACTIVE_ARCH = YES;
				SDKROOT = iphoneos;
				SWIFT_ACTIVE_COMPILATION_CONDITIONS = DEBUG;
				SWIFT_OPTIMIZATION_LEVEL = "-Onone";
			};
			name = Debug;
		};
		E98A15342A59A2B100D1B5C8 /* Release */ = {
			isa = XCBuildConfiguration;
			buildSettings = {
				ALWAYS_SEARCH_USER_PATHS = NO;
				CLANG_ANALYZER_NONNULL = YES;
				CLANG_ANALYZER_NUMBER_OBJECT_CONVERSION = YES_AGGRESSIVE;
				CLANG_CXX_LANGUAGE_STANDARD = "gnu++20";
				CLANG_ENABLE_MODULES = YES;
				CLANG_ENABLE_OBJC_ARC = YES;
				CLANG_ENABLE_OBJC_WEAK = YES;
				CLANG_WARN_BLOCK_CAPTURE_AUTORELEASING = YES;
				CLANG_WARN_BOOL_CONVERSION = YES;
				CLANG_WARN_COMMA = YES;
				CLANG_WARN_CONSTANT_CONVERSION = YES;
				CLANG_WARN_DEPRECATED_OBJC_IMPLEMENTATIONS = YES;
				CLANG_WARN_DIRECT_OBJC_ISA_USAGE = YES_ERROR;
				CLANG_WARN_DOCUMENTATION_COMMENTS = YES;
				CLANG_WARN_EMPTY_BODY = YES;
				CLANG_WARN_ENUM_CONVERSION = YES;
				CLANG_WARN_INFINITE_RECURSION = YES;
				CLANG_WARN_INT_CONVERSION = YES;
				CLANG_WARN_NON_LITERAL_NULL_CONVERSION = YES;
				CLANG_WARN_OBJC_IMPLICIT_RETAIN_SELF = YES;
				CLANG_WARN_OBJC_LITERAL_CONVERSION = YES;
				CLANG_WARN_OBJC_ROOT_CLASS = YES_ERROR;
				CLANG_WARN_QUOTED_INCLUDE_IN_FRAMEWORK_HEADER = YES;
				CLANG_WARN_RANGE_LOOP_ANALYSIS = YES;
				CLANG_WARN_STRICT_PROTOTYPES = YES;
				CLANG_WARN_SUSPICIOUS_MOVE = YES;
				CLANG_WARN_UNGUARDED_AVAILABILITY = YES_AGGRESSIVE;
				CLANG_WARN_UNREACHABLE_CODE = YES;
				CLANG_WARN__DUPLICATE_METHOD_MATCH = YES;
				COPY_PHASE_STRIP = NO;
				DEBUG_INFORMATION_FORMAT = "dwarf-with-dsym";
				ENABLE_NS_ASSERTIONS = NO;
				ENABLE_STRICT_OBJC_MSGSEND = YES;
				GCC_C_LANGUAGE_STANDARD = gnu11;
				GCC_NO_COMMON_BLOCKS = YES;
				GCC_WARN_64_TO_32_BIT_CONVERSION = YES;
				GCC_WARN_ABOUT_RETURN_TYPE = YES_ERROR;
				GCC_WARN_UNDECLARED_SELECTOR = YES;
				GCC_WARN_UNINITIALIZED_AUTOS = YES_AGGRESSIVE;
				GCC_WARN_UNUSED_FUNCTION = YES;
				GCC_WARN_UNUSED_VARIABLE = YES;
				IPHONEOS_DEPLOYMENT_TARGET = 16.2;
				MTL_ENABLE_DEBUG_INFO = NO;
				MTL_FAST_MATH = YES;
				SDKROOT = iphoneos;
				SWIFT_COMPILATION_MODE = wholemodule;
				SWIFT_OPTIMIZATION_LEVEL = "-O";
				VALIDATE_PRODUCT = YES;
			};
			name = Release;
		};
		E98A15362A59A2B100D1B5C8 /* Debug */ = {
			isa = XCBuildConfiguration;
			buildSettings = {
				ASSETCATALOG_COMPILER_APPICON_NAME = AppIcon;
				ASSETCATALOG_COMPILER_GLOBAL_ACCENT_COLOR_NAME = AccentColor;
				CODE_SIGN_STYLE = Automatic;
				CURRENT_PROJECT_VERSION = 1;
				DEVELOPMENT_ASSET_PATHS = "\"NavigationStacksPractice/Preview Content\"";
				DEVELOPMENT_TEAM = G9Z86K3593;
				ENABLE_PREVIEWS = YES;
				GENERATE_INFOPLIST_FILE = YES;
				INFOPLIST_KEY_UIApplicationSceneManifest_Generation = YES;
				INFOPLIST_KEY_UIApplicationSupportsIndirectInputEvents = YES;
				INFOPLIST_KEY_UILaunchScreen_Generation = YES;
				INFOPLIST_KEY_UISupportedInterfaceOrientations_iPad = "UIInterfaceOrientationPortrait UIInterfaceOrientationPortraitUpsideDown UIInterfaceOrientationLandscapeLeft UIInterfaceOrientationLandscapeRight";
				INFOPLIST_KEY_UISupportedInterfaceOrientations_iPhone = "UIInterfaceOrientationPortrait UIInterfaceOrientationLandscapeLeft UIInterfaceOrientationLandscapeRight";
				LD_RUNPATH_SEARCH_PATHS = (
					"$(inherited)",
					"@executable_path/Frameworks",
				);
				MARKETING_VERSION = 1.0;
				PRODUCT_BUNDLE_IDENTIFIER = "Syed-Raza.NavigationStacksPractice";
				PRODUCT_NAME = "$(TARGET_NAME)";
				SWIFT_EMIT_LOC_STRINGS = YES;
				SWIFT_VERSION = 5.0;
				TARGETED_DEVICE_FAMILY = "1,2";
			};
			name = Debug;
		};
		E98A15372A59A2B100D1B5C8 /* Release */ = {
			isa = XCBuildConfiguration;
			buildSettings = {
				ASSETCATALOG_COMPILER_APPICON_NAME = AppIcon;
				ASSETCATALOG_COMPILER_GLOBAL_ACCENT_COLOR_NAME = AccentColor;
				CODE_SIGN_STYLE = Automatic;
				CURRENT_PROJECT_VERSION = 1;
				DEVELOPMENT_ASSET_PATHS = "\"NavigationStacksPractice/Preview Content\"";
				DEVELOPMENT_TEAM = G9Z86K3593;
				ENABLE_PREVIEWS = YES;
				GENERATE_INFOPLIST_FILE = YES;
				INFOPLIST_KEY_UIApplicationSceneManifest_Generation = YES;
				INFOPLIST_KEY_UIApplicationSupportsIndirectInputEvents = YES;
				INFOPLIST_KEY_UILaunchScreen_Generation = YES;
				INFOPLIST_KEY_UISupportedInterfaceOrientations_iPad = "UIInterfaceOrientationPortrait UIInterfaceOrientationPortraitUpsideDown UIInterfaceOrientationLandscapeLeft UIInterfaceOrientationLandscapeRight";
				INFOPLIST_KEY_UISupportedInterfaceOrientations_iPhone = "UIInterfaceOrientationPortrait UIInterfaceOrientationLandscapeLeft UIInterfaceOrientationLandscapeRight";
				LD_RUNPATH_SEARCH_PATHS = (
					"$(inherited)",
					"@executable_path/Frameworks",
				);
				MARKETING_VERSION = 1.0;
				PRODUCT_BUNDLE_IDENTIFIER = "Syed-Raza.NavigationStacksPractice";
				PRODUCT_NAME = "$(TARGET_NAME)";
				SWIFT_EMIT_LOC_STRINGS = YES;
				SWIFT_VERSION = 5.0;
				TARGETED_DEVICE_FAMILY = "1,2";
			};
			name = Release;
		};
		E98A15392A59A2B100D1B5C8 /* Debug */ = {
			isa = XCBuildConfiguration;
			buildSettings = {
				ALWAYS_EMBED_SWIFT_STANDARD_LIBRARIES = YES;
				BUNDLE_LOADER = "$(TEST_HOST)";
				CODE_SIGN_STYLE = Automatic;
				CURRENT_PROJECT_VERSION = 1;
				DEVELOPMENT_TEAM = G9Z86K3593;
				GENERATE_INFOPLIST_FILE = YES;
				IPHONEOS_DEPLOYMENT_TARGET = 16.2;
				MARKETING_VERSION = 1.0;
				PRODUCT_BUNDLE_IDENTIFIER = "Syed-Raza.NavigationStacksPracticeTests";
				PRODUCT_NAME = "$(TARGET_NAME)";
				SWIFT_EMIT_LOC_STRINGS = NO;
				SWIFT_VERSION = 5.0;
				TARGETED_DEVICE_FAMILY = "1,2";
				TEST_HOST = "$(BUILT_PRODUCTS_DIR)/NavigationStacksPractice.app/$(BUNDLE_EXECUTABLE_FOLDER_PATH)/NavigationStacksPractice";
			};
			name = Debug;
		};
		E98A153A2A59A2B100D1B5C8 /* Release */ = {
			isa = XCBuildConfiguration;
			buildSettings = {
				ALWAYS_EMBED_SWIFT_STANDARD_LIBRARIES = YES;
				BUNDLE_LOADER = "$(TEST_HOST)";
				CODE_SIGN_STYLE = Automatic;
				CURRENT_PROJECT_VERSION = 1;
				DEVELOPMENT_TEAM = G9Z86K3593;
				GENERATE_INFOPLIST_FILE = YES;
				IPHONEOS_DEPLOYMENT_TARGET = 16.2;
				MARKETING_VERSION = 1.0;
				PRODUCT_BUNDLE_IDENTIFIER = "Syed-Raza.NavigationStacksPracticeTests";
				PRODUCT_NAME = "$(TARGET_NAME)";
				SWIFT_EMIT_LOC_STRINGS = NO;
				SWIFT_VERSION = 5.0;
				TARGETED_DEVICE_FAMILY = "1,2";
				TEST_HOST = "$(BUILT_PRODUCTS_DIR)/NavigationStacksPractice.app/$(BUNDLE_EXECUTABLE_FOLDER_PATH)/NavigationStacksPractice";
			};
			name = Release;
		};
		E98A153C2A59A2B100D1B5C8 /* Debug */ = {
			isa = XCBuildConfiguration;
			buildSettings = {
				ALWAYS_EMBED_SWIFT_STANDARD_LIBRARIES = YES;
				CODE_SIGN_STYLE = Automatic;
				CURRENT_PROJECT_VERSION = 1;
				DEVELOPMENT_TEAM = G9Z86K3593;
				GENERATE_INFOPLIST_FILE = YES;
				MARKETING_VERSION = 1.0;
				PRODUCT_BUNDLE_IDENTIFIER = "Syed-Raza.NavigationStacksPracticeUITests";
				PRODUCT_NAME = "$(TARGET_NAME)";
				SWIFT_EMIT_LOC_STRINGS = NO;
				SWIFT_VERSION = 5.0;
				TARGETED_DEVICE_FAMILY = "1,2";
				TEST_TARGET_NAME = NavigationStacksPractice;
			};
			name = Debug;
		};
		E98A153D2A59A2B100D1B5C8 /* Release */ = {
			isa = XCBuildConfiguration;
			buildSettings = {
				ALWAYS_EMBED_SWIFT_STANDARD_LIBRARIES = YES;
				CODE_SIGN_STYLE = Automatic;
				CURRENT_PROJECT_VERSION = 1;
				DEVELOPMENT_TEAM = G9Z86K3593;
				GENERATE_INFOPLIST_FILE = YES;
				MARKETING_VERSION = 1.0;
				PRODUCT_BUNDLE_IDENTIFIER = "Syed-Raza.NavigationStacksPracticeUITests";
				PRODUCT_NAME = "$(TARGET_NAME)";
				SWIFT_EMIT_LOC_STRINGS = NO;
				SWIFT_VERSION = 5.0;
				TARGETED_DEVICE_FAMILY = "1,2";
				TEST_TARGET_NAME = NavigationStacksPractice;
			};
			name = Release;
		};
/* End XCBuildConfiguration section */

/* Begin XCConfigurationList section */
		E98A150C2A59A2AD00D1B5C8 /* Build configuration list for PBXProject "NavigationStacksPractice" */ = {
			isa = XCConfigurationList;
			buildConfigurations = (
				E98A15332A59A2B100D1B5C8 /* Debug */,
				E98A15342A59A2B100D1B5C8 /* Release */,
			);
			defaultConfigurationIsVisible = 0;
			defaultConfigurationName = Release;
		};
		E98A15352A59A2B100D1B5C8 /* Build configuration list for PBXNativeTarget "NavigationStacksPractice" */ = {
			isa = XCConfigurationList;
			buildConfigurations = (
				E98A15362A59A2B100D1B5C8 /* Debug */,
				E98A15372A59A2B100D1B5C8 /* Release */,
			);
			defaultConfigurationIsVisible = 0;
			defaultConfigurationName = Release;
		};
		E98A15382A59A2B100D1B5C8 /* Build configuration list for PBXNativeTarget "NavigationStacksPracticeTests" */ = {
			isa = XCConfigurationList;
			buildConfigurations = (
				E98A15392A59A2B100D1B5C8 /* Debug */,
				E98A153A2A59A2B100D1B5C8 /* Release */,
			);
			defaultConfigurationIsVisible = 0;
			defaultConfigurationName = Release;
		};
		E98A153B2A59A2B100D1B5C8 /* Build configuration list for PBXNativeTarget "NavigationStacksPracticeUITests" */ = {
			isa = XCConfigurationList;
			buildConfigurations = (
				E98A153C2A59A2B100D1B5C8 /* Debug */,
				E98A153D2A59A2B100D1B5C8 /* Release */,
			);
			defaultConfigurationIsVisible = 0;
			defaultConfigurationName = Release;
		};
/* End XCConfigurationList section */
	};
	rootObject = E98A15092A59A2AD00D1B5C8 /* Project object */;
}
